
Microsoft Visual Studio Solution File, Format Version 12.00
# Visual Studio Version 17
VisualStudioVersion = 17.0.31903.59
MinimumVisualStudioVersion = 10.0.40219.1
Project("{9A19103F-16F7-4668-BE54-9A1E7A4F7556}") = "Domain", "src\Domain\Domain.csproj", "{C7E89A3E-A631-4760-8D61-BD1EAB1C4E69}"
EndProject
Project("{9A19103F-16F7-4668-BE54-9A1E7A4F7556}") = "Application", "src\Application\Application.csproj", "{34C0FACD-F3D9-400C-8945-554DD6B0819A}"
EndProject
Project("{9A19103F-16F7-4668-BE54-9A1E7A4F7556}") = "Infrastructure", "src\Infrastructure\Infrastructure.csproj", "{117DA02F-5274-4565-ACC6-DA9B6E568B09}"
EndProject
Project("{2150E333-8FDC-42A3-9474-1A3956D46DE8}") = "src", "src", "{6ED356A7-8B47-4613-AD01-C85CF28491BD}"
EndProject
Project("{2150E333-8FDC-42A3-9474-1A3956D46DE8}") = "Solution Items", "Solution Items", "{E2DA20AA-28D1-455C-BF50-C49A8F831633}"
	ProjectSection(SolutionItems) = preProject
		.editorconfig = .editorconfig
		.gitignore = .gitignore
		Directory.Build.props = Directory.Build.props
		Directory.Packages.props = Directory.Packages.props
		global.json = global.json
		README.md = README.md
	EndProjectSection
EndProject
Project("{9A19103F-16F7-4668-BE54-9A1E7A4F7556}") = "UI", "src\UI\UI.csproj", "{639FD3FC-BA28-4C45-9E04-C056006D2AD4}"
EndProject
Project("{2150E333-8FDC-42A3-9474-1A3956D46DE8}") = "tests", "tests", "{2D3E93EE-6522-4A08-B66D-8ACB1F083B61}"
EndProject
Project("{2150E333-8FDC-42A3-9474-1A3956D46DE8}") = "UnitTests", "UnitTests", "{E26412F1-1941-47E4-B8B7-CCAC1B35DBFE}"
EndProject
Project("{2150E333-8FDC-42A3-9474-1A3956D46DE8}") = "IntegrationTests", "IntegrationTests", "{7EB1E115-4C0D-49A8-8817-907AFD0B5601}"
EndProject
Project("{FAE04EC0-301F-11D3-BF4B-00C04F79EFBC}") = "Integration.Tests", "tests\Integration.Tests\Integration.Tests.csproj", "{4E41C2C2-7A72-4B83-8CC4-B1A8E281ED97}"
EndProject
Project("{FAE04EC0-301F-11D3-BF4B-00C04F79EFBC}") = "Application.Tests", "tests\Application.Tests\Application.Tests.csproj", "{776DEE2D-1E77-4CF0-B98D-CAB3C3409CA0}"
EndProject
Project("{FAE04EC0-301F-11D3-BF4B-00C04F79EFBC}") = "Infrastructure.Tests", "tests\Infrastructure.Tests\Infrastructure.Tests.csproj", "{9CF3C451-601A-4BA3-A0E8-0DBF05AF138E}"
EndProject
Global
	GlobalSection(SolutionConfigurationPlatforms) = preSolution
		Debug|Any CPU = Debug|Any CPU
		Release|Any CPU = Release|Any CPU
	EndGlobalSection
	GlobalSection(ProjectConfigurationPlatforms) = postSolution
		{C7E89A3E-A631-4760-8D61-BD1EAB1C4E69}.Debug|Any CPU.ActiveCfg = Debug|Any CPU
		{C7E89A3E-A631-4760-8D61-BD1EAB1C4E69}.Debug|Any CPU.Build.0 = Debug|Any CPU
		{C7E89A3E-A631-4760-8D61-BD1EAB1C4E69}.Release|Any CPU.ActiveCfg = Release|Any CPU
		{C7E89A3E-A631-4760-8D61-BD1EAB1C4E69}.Release|Any CPU.Build.0 = Release|Any CPU
		{34C0FACD-F3D9-400C-8945-554DD6B0819A}.Debug|Any CPU.ActiveCfg = Debug|Any CPU
		{34C0FACD-F3D9-400C-8945-554DD6B0819A}.Debug|Any CPU.Build.0 = Debug|Any CPU
		{34C0FACD-F3D9-400C-8945-554DD6B0819A}.Release|Any CPU.ActiveCfg = Release|Any CPU
		{34C0FACD-F3D9-400C-8945-554DD6B0819A}.Release|Any CPU.Build.0 = Release|Any CPU
		{117DA02F-5274-4565-ACC6-DA9B6E568B09}.Debug|Any CPU.ActiveCfg = Debug|Any CPU
		{117DA02F-5274-4565-ACC6-DA9B6E568B09}.Debug|Any CPU.Build.0 = Debug|Any CPU
		{117DA02F-5274-4565-ACC6-DA9B6E568B09}.Release|Any CPU.ActiveCfg = Release|Any CPU
		{117DA02F-5274-4565-ACC6-DA9B6E568B09}.Release|Any CPU.Build.0 = Release|Any CPU
		{639FD3FC-BA28-4C45-9E04-C056006D2AD4}.Debug|Any CPU.ActiveCfg = Debug|Any CPU
		{639FD3FC-BA28-4C45-9E04-C056006D2AD4}.Debug|Any CPU.Build.0 = Debug|Any CPU
		{639FD3FC-BA28-4C45-9E04-C056006D2AD4}.Release|Any CPU.ActiveCfg = Release|Any CPU
		{639FD3FC-BA28-4C45-9E04-C056006D2AD4}.Release|Any CPU.Build.0 = Release|Any CPU
		{4E41C2C2-7A72-4B83-8CC4-B1A8E281ED97}.Debug|Any CPU.ActiveCfg = Debug|Any CPU
		{4E41C2C2-7A72-4B83-8CC4-B1A8E281ED97}.Debug|Any CPU.Build.0 = Debug|Any CPU
		{4E41C2C2-7A72-4B83-8CC4-B1A8E281ED97}.Release|Any CPU.ActiveCfg = Release|Any CPU
		{4E41C2C2-7A72-4B83-8CC4-B1A8E281ED97}.Release|Any CPU.Build.0 = Release|Any CPU
		{776DEE2D-1E77-4CF0-B98D-CAB3C3409CA0}.Debug|Any CPU.ActiveCfg = Debug|Any CPU
		{776DEE2D-1E77-4CF0-B98D-CAB3C3409CA0}.Debug|Any CPU.Build.0 = Debug|Any CPU
		{776DEE2D-1E77-4CF0-B98D-CAB3C3409CA0}.Release|Any CPU.ActiveCfg = Release|Any CPU
		{776DEE2D-1E77-4CF0-B98D-CAB3C3409CA0}.Release|Any CPU.Build.0 = Release|Any CPU
		{9CF3C451-601A-4BA3-A0E8-0DBF05AF138E}.Debug|Any CPU.ActiveCfg = Debug|Any CPU
		{9CF3C451-601A-4BA3-A0E8-0DBF05AF138E}.Debug|Any CPU.Build.0 = Debug|Any CPU
		{9CF3C451-601A-4BA3-A0E8-0DBF05AF138E}.Release|Any CPU.ActiveCfg = Release|Any CPU
		{9CF3C451-601A-4BA3-A0E8-0DBF05AF138E}.Release|Any CPU.Build.0 = Release|Any CPU
	EndGlobalSection
	GlobalSection(SolutionProperties) = preSolution
		HideSolutionNode = FALSE
	EndGlobalSection
	GlobalSection(NestedProjects) = preSolution
		{C7E89A3E-A631-4760-8D61-BD1EAB1C4E69} = {6ED356A7-8B47-4613-AD01-C85CF28491BD}
		{34C0FACD-F3D9-400C-8945-554DD6B0819A} = {6ED356A7-8B47-4613-AD01-C85CF28491BD}
		{117DA02F-5274-4565-ACC6-DA9B6E568B09} = {6ED356A7-8B47-4613-AD01-C85CF28491BD}
		{639FD3FC-BA28-4C45-9E04-C056006D2AD4} = {6ED356A7-8B47-4613-AD01-C85CF28491BD}
		{E26412F1-1941-47E4-B8B7-CCAC1B35DBFE} = {2D3E93EE-6522-4A08-B66D-8ACB1F083B61}
		{7EB1E115-4C0D-49A8-8817-907AFD0B5601} = {2D3E93EE-6522-4A08-B66D-8ACB1F083B61}
		{4E41C2C2-7A72-4B83-8CC4-B1A8E281ED97} = {7EB1E115-4C0D-49A8-8817-907AFD0B5601}
		{776DEE2D-1E77-4CF0-B98D-CAB3C3409CA0} = {E26412F1-1941-47E4-B8B7-CCAC1B35DBFE}
		{9CF3C451-601A-4BA3-A0E8-0DBF05AF138E} = {E26412F1-1941-47E4-B8B7-CCAC1B35DBFE}
	EndGlobalSection
	GlobalSection(ExtensibilityGlobals) = postSolution
		SolutionGuid = {3CB609D9-5D54-4C11-A371-DAAC8B74E430}
	EndGlobalSection
EndGlobal
